
Microsoft Visual Studio Solution File, Format Version 12.00
# Visual Studio Version 17
VisualStudioVersion = 17.8.34525.116
MinimumVisualStudioVersion = 10.0.40219.1
Project("{9A19103F-16F7-4668-BE54-9A1E7A4F7556}") = "CLI", "CLI\CLI.csproj", "{6C7C3FDF-74CE-4141-A888-66E5C7C1E4DC}"
EndProject
Project("{FAE04EC0-301F-11D3-BF4B-00C04F79EFBC}") = "WinForm", "WinForm\WinForm.csproj", "{D08CE820-C92E-4375-A49C-11B529DDDDED}"
EndProject
Global
	GlobalSection(SolutionConfigurationPlatforms) = preSolution
		Debug|Any CPU = Debug|Any CPU
		Release|Any CPU = Release|Any CPU
	EndGlobalSection
	GlobalSection(ProjectConfigurationPlatforms) = postSolution
		{6C7C3FDF-74CE-4141-A888-66E5C7C1E4DC}.Debug|Any CPU.ActiveCfg = Debug|Any CPU
		{6C7C3FDF-74CE-4141-A888-66E5C7C1E4DC}.Debug|Any CPU.Build.0 = Debug|Any CPU
		{6C7C3FDF-74CE-4141-A888-66E5C7C1E4DC}.Release|Any CPU.ActiveCfg = Release|Any CPU
		{6C7C3FDF-74CE-4141-A888-66E5C7C1E4DC}.Release|Any CPU.Build.0 = Release|Any CPU
		{D08CE820-C92E-4375-A49C-11B529DDDDED}.Debug|Any CPU.ActiveCfg = Debug|Any CPU
		{D08CE820-C92E-4375-A49C-11B529DDDDED}.Debug|Any CPU.Build.0 = Debug|Any CPU
		{D08CE820-C92E-4375-A49C-11B529DDDDED}.Release|Any CPU.ActiveCfg = Release|Any CPU
		{D08CE820-C92E-4375-A49C-11B529DDDDED}.Release|Any CPU.Build.0 = Release|Any CPU
	EndGlobalSection
	GlobalSection(SolutionProperties) = preSolution
		HideSolutionNode = FALSE
	EndGlobalSection
	GlobalSection(ExtensibilityGlobals) = postSolution
		SolutionGuid = {418D8B81-D5EA-4594-9D27-53D019BFE2C3}
	EndGlobalSection
EndGlobal
